// !$*UTF8*$!
{
	archiveVersion = 1;
	classes = {
	};
	objectVersion = 50;
	objects = {

/* Begin PBXBuildFile section */
		8662BBFC268C27AA001CC586 /* APIManager.swift in Sources */ = {isa = PBXBuildFile; fileRef = 8662BBFB268C27AA001CC586 /* APIManager.swift */; };
		8662BC07268C2961001CC586 /* GetRandomDog.storyboard in Resources */ = {isa = PBXBuildFile; fileRef = 8662BC06268C2961001CC586 /* GetRandomDog.storyboard */; };
		8662BC09268C2980001CC586 /* GetRandomDogsVC.swift in Sources */ = {isa = PBXBuildFile; fileRef = 8662BC08268C2980001CC586 /* GetRandomDogsVC.swift */; };
		8662BC0B268C2B51001CC586 /* GetRandomDogsModel.swift in Sources */ = {isa = PBXBuildFile; fileRef = 8662BC0A268C2B51001CC586 /* GetRandomDogsModel.swift */; };
		8662BC0D268C2FC4001CC586 /* GetRandomDogsViewModel.swift in Sources */ = {isa = PBXBuildFile; fileRef = 8662BC0C268C2FC4001CC586 /* GetRandomDogsViewModel.swift */; };
		8662BC10268C32CF001CC586 /* LazyImageView.swift in Sources */ = {isa = PBXBuildFile; fileRef = 8662BC0F268C32CF001CC586 /* LazyImageView.swift */; };
		8662BC14268C3425001CC586 /* StoryboardHelper.swift in Sources */ = {isa = PBXBuildFile; fileRef = 8662BC13268C3425001CC586 /* StoryboardHelper.swift */; };
		867A6DF9268EEEFE004C48CD /* UIView.swift in Sources */ = {isa = PBXBuildFile; fileRef = 867A6DF8268EEEFE004C48CD /* UIView.swift */; };
		86936D17268DE07E0042AFE4 /* RecentlyGeneratedDog.storyboard in Resources */ = {isa = PBXBuildFile; fileRef = 86936D16268DE07E0042AFE4 /* RecentlyGeneratedDog.storyboard */; };
		86936D19268DE0C70042AFE4 /* RecentlyGeneratedDogVC.swift in Sources */ = {isa = PBXBuildFile; fileRef = 86936D18268DE0C70042AFE4 /* RecentlyGeneratedDogVC.swift */; };
		86936D1C268DE0F10042AFE4 /* RecentlyGeneratedDogsCollectionViewCell.swift in Sources */ = {isa = PBXBuildFile; fileRef = 86936D1A268DE0F10042AFE4 /* RecentlyGeneratedDogsCollectionViewCell.swift */; };
		86936D1D268DE0F10042AFE4 /* RecentlyGeneratedDogsCollectionViewCell.xib in Resources */ = {isa = PBXBuildFile; fileRef = 86936D1B268DE0F10042AFE4 /* RecentlyGeneratedDogsCollectionViewCell.xib */; };
		86936D20268DE1EB0042AFE4 /* StringConstant.swift in Sources */ = {isa = PBXBuildFile; fileRef = 86936D1F268DE1EB0042AFE4 /* StringConstant.swift */; };
		869AB87D268B701800874756 /* AppDelegate.swift in Sources */ = {isa = PBXBuildFile; fileRef = 869AB87C268B701800874756 /* AppDelegate.swift */; };
		869AB87F268B701800874756 /* SceneDelegate.swift in Sources */ = {isa = PBXBuildFile; fileRef = 869AB87E268B701800874756 /* SceneDelegate.swift */; };
		869AB881268B701800874756 /* ViewController.swift in Sources */ = {isa = PBXBuildFile; fileRef = 869AB880268B701800874756 /* ViewController.swift */; };
		869AB884268B701800874756 /* Main.storyboard in Resources */ = {isa = PBXBuildFile; fileRef = 869AB882268B701800874756 /* Main.storyboard */; };
		869AB886268B701900874756 /* Assets.xcassets in Resources */ = {isa = PBXBuildFile; fileRef = 869AB885268B701900874756 /* Assets.xcassets */; };
		869AB889268B701900874756 /* LaunchScreen.storyboard in Resources */ = {isa = PBXBuildFile; fileRef = 869AB887268B701900874756 /* LaunchScreen.storyboard */; };
		869AB894268B701900874756 /* RandomDogsTests.swift in Sources */ = {isa = PBXBuildFile; fileRef = 869AB893268B701900874756 /* RandomDogsTests.swift */; };
		869AB89F268B701A00874756 /* RandomDogsUITests.swift in Sources */ = {isa = PBXBuildFile; fileRef = 869AB89E268B701A00874756 /* RandomDogsUITests.swift */; };
		86F63492268D7481009AE066 /* LRU.swift in Sources */ = {isa = PBXBuildFile; fileRef = 86F63491268D7481009AE066 /* LRU.swift */; };
/* End PBXBuildFile section */

/* Begin PBXContainerItemProxy section */
		869AB890268B701900874756 /* PBXContainerItemProxy */ = {
			isa = PBXContainerItemProxy;
			containerPortal = 869AB871268B701800874756 /* Project object */;
			proxyType = 1;
			remoteGlobalIDString = 869AB878268B701800874756;
			remoteInfo = RandomDogs;
		};
		869AB89B268B701900874756 /* PBXContainerItemProxy */ = {
			isa = PBXContainerItemProxy;
			containerPortal = 869AB871268B701800874756 /* Project object */;
			proxyType = 1;
			remoteGlobalIDString = 869AB878268B701800874756;
			remoteInfo = RandomDogs;
		};
/* End PBXContainerItemProxy section */

/* Begin PBXFileReference section */
		8662BBFB268C27AA001CC586 /* APIManager.swift */ = {isa = PBXFileReference; lastKnownFileType = sourcecode.swift; path = APIManager.swift; sourceTree = "<group>"; };
		8662BC06268C2961001CC586 /* GetRandomDog.storyboard */ = {isa = PBXFileReference; lastKnownFileType = file.storyboard; path = GetRandomDog.storyboard; sourceTree = "<group>"; };
		8662BC08268C2980001CC586 /* GetRandomDogsVC.swift */ = {isa = PBXFileReference; lastKnownFileType = sourcecode.swift; path = GetRandomDogsVC.swift; sourceTree = "<group>"; };
		8662BC0A268C2B51001CC586 /* GetRandomDogsModel.swift */ = {isa = PBXFileReference; lastKnownFileType = sourcecode.swift; path = GetRandomDogsModel.swift; sourceTree = "<group>"; };
		8662BC0C268C2FC4001CC586 /* GetRandomDogsViewModel.swift */ = {isa = PBXFileReference; lastKnownFileType = sourcecode.swift; path = GetRandomDogsViewModel.swift; sourceTree = "<group>"; };
		8662BC0F268C32CF001CC586 /* LazyImageView.swift */ = {isa = PBXFileReference; lastKnownFileType = sourcecode.swift; path = LazyImageView.swift; sourceTree = "<group>"; };
		8662BC13268C3425001CC586 /* StoryboardHelper.swift */ = {isa = PBXFileReference; fileEncoding = 4; lastKnownFileType = sourcecode.swift; path = StoryboardHelper.swift; sourceTree = "<group>"; };
		867A6DF8268EEEFE004C48CD /* UIView.swift */ = {isa = PBXFileReference; fileEncoding = 4; lastKnownFileType = sourcecode.swift; path = UIView.swift; sourceTree = "<group>"; };
		86936D16268DE07E0042AFE4 /* RecentlyGeneratedDog.storyboard */ = {isa = PBXFileReference; lastKnownFileType = file.storyboard; path = RecentlyGeneratedDog.storyboard; sourceTree = "<group>"; };
		86936D18268DE0C70042AFE4 /* RecentlyGeneratedDogVC.swift */ = {isa = PBXFileReference; lastKnownFileType = sourcecode.swift; path = RecentlyGeneratedDogVC.swift; sourceTree = "<group>"; };
		86936D1A268DE0F10042AFE4 /* RecentlyGeneratedDogsCollectionViewCell.swift */ = {isa = PBXFileReference; lastKnownFileType = sourcecode.swift; path = RecentlyGeneratedDogsCollectionViewCell.swift; sourceTree = "<group>"; };
		86936D1B268DE0F10042AFE4 /* RecentlyGeneratedDogsCollectionViewCell.xib */ = {isa = PBXFileReference; lastKnownFileType = file.xib; path = RecentlyGeneratedDogsCollectionViewCell.xib; sourceTree = "<group>"; };
		86936D1F268DE1EB0042AFE4 /* StringConstant.swift */ = {isa = PBXFileReference; lastKnownFileType = sourcecode.swift; path = StringConstant.swift; sourceTree = "<group>"; };
		869AB879268B701800874756 /* RandomDogs.app */ = {isa = PBXFileReference; explicitFileType = wrapper.application; includeInIndex = 0; path = RandomDogs.app; sourceTree = BUILT_PRODUCTS_DIR; };
		869AB87C268B701800874756 /* AppDelegate.swift */ = {isa = PBXFileReference; lastKnownFileType = sourcecode.swift; path = AppDelegate.swift; sourceTree = "<group>"; };
		869AB87E268B701800874756 /* SceneDelegate.swift */ = {isa = PBXFileReference; lastKnownFileType = sourcecode.swift; path = SceneDelegate.swift; sourceTree = "<group>"; };
		869AB880268B701800874756 /* ViewController.swift */ = {isa = PBXFileReference; lastKnownFileType = sourcecode.swift; path = ViewController.swift; sourceTree = "<group>"; };
		869AB883268B701800874756 /* Base */ = {isa = PBXFileReference; lastKnownFileType = file.storyboard; name = Base; path = Base.lproj/Main.storyboard; sourceTree = "<group>"; };
		869AB885268B701900874756 /* Assets.xcassets */ = {isa = PBXFileReference; lastKnownFileType = folder.assetcatalog; path = Assets.xcassets; sourceTree = "<group>"; };
		869AB888268B701900874756 /* Base */ = {isa = PBXFileReference; lastKnownFileType = file.storyboard; name = Base; path = Base.lproj/LaunchScreen.storyboard; sourceTree = "<group>"; };
		869AB88A268B701900874756 /* Info.plist */ = {isa = PBXFileReference; lastKnownFileType = text.plist.xml; path = Info.plist; sourceTree = "<group>"; };
		869AB88F268B701900874756 /* RandomDogsTests.xctest */ = {isa = PBXFileReference; explicitFileType = wrapper.cfbundle; includeInIndex = 0; path = RandomDogsTests.xctest; sourceTree = BUILT_PRODUCTS_DIR; };
		869AB893268B701900874756 /* RandomDogsTests.swift */ = {isa = PBXFileReference; lastKnownFileType = sourcecode.swift; path = RandomDogsTests.swift; sourceTree = "<group>"; };
		869AB895268B701900874756 /* Info.plist */ = {isa = PBXFileReference; lastKnownFileType = text.plist.xml; path = Info.plist; sourceTree = "<group>"; };
		869AB89A268B701900874756 /* RandomDogsUITests.xctest */ = {isa = PBXFileReference; explicitFileType = wrapper.cfbundle; includeInIndex = 0; path = RandomDogsUITests.xctest; sourceTree = BUILT_PRODUCTS_DIR; };
		869AB89E268B701A00874756 /* RandomDogsUITests.swift */ = {isa = PBXFileReference; lastKnownFileType = sourcecode.swift; path = RandomDogsUITests.swift; sourceTree = "<group>"; };
		869AB8A0268B701A00874756 /* Info.plist */ = {isa = PBXFileReference; lastKnownFileType = text.plist.xml; path = Info.plist; sourceTree = "<group>"; };
		86F63491268D7481009AE066 /* LRU.swift */ = {isa = PBXFileReference; lastKnownFileType = sourcecode.swift; path = LRU.swift; sourceTree = "<group>"; };
/* End PBXFileReference section */

/* Begin PBXFrameworksBuildPhase section */
		869AB876268B701800874756 /* Frameworks */ = {
			isa = PBXFrameworksBuildPhase;
			buildActionMask = 2147483647;
			files = (
			);
			runOnlyForDeploymentPostprocessing = 0;
		};
		869AB88C268B701900874756 /* Frameworks */ = {
			isa = PBXFrameworksBuildPhase;
			buildActionMask = 2147483647;
			files = (
			);
			runOnlyForDeploymentPostprocessing = 0;
		};
		869AB897268B701900874756 /* Frameworks */ = {
			isa = PBXFrameworksBuildPhase;
			buildActionMask = 2147483647;
			files = (
			);
			runOnlyForDeploymentPostprocessing = 0;
		};
/* End PBXFrameworksBuildPhase section */

/* Begin PBXGroup section */
		8662BBF9268C25D5001CC586 /* APIManager */ = {
			isa = PBXGroup;
			children = (
				8662BBFB268C27AA001CC586 /* APIManager.swift */,
			);
			path = APIManager;
			sourceTree = "<group>";
		};
		8662BBFA268C2793001CC586 /* LRUCache */ = {
			isa = PBXGroup;
			children = (
				86F63491268D7481009AE066 /* LRU.swift */,
			);
			path = LRUCache;
			sourceTree = "<group>";
		};
		8662BBFD268C27D4001CC586 /* Appdelegate */ = {
			isa = PBXGroup;
			children = (
				869AB87C268B701800874756 /* AppDelegate.swift */,
				869AB87E268B701800874756 /* SceneDelegate.swift */,
			);
			path = Appdelegate;
			sourceTree = "<group>";
		};
		8662BBFE268C2822001CC586 /* MainStoryBoard */ = {
			isa = PBXGroup;
			children = (
				869AB882268B701800874756 /* Main.storyboard */,
			);
			path = MainStoryBoard;
			sourceTree = "<group>";
		};
		8662BBFF268C28A6001CC586 /* Home */ = {
			isa = PBXGroup;
			children = (
				8662BBFE268C2822001CC586 /* MainStoryBoard */,
				867A6DF7268EEC2A004C48CD /* ViewController */,
			);
			path = Home;
			sourceTree = "<group>";
		};
		8662BC00268C28B1001CC586 /* GetRandomDog */ = {
			isa = PBXGroup;
			children = (
				8662BC05268C294C001CC586 /* StoryBoard */,
				8662BC04268C292D001CC586 /* DataModel */,
				8662BC03268C2926001CC586 /* ViewModel */,
				8662BC02268C291B001CC586 /* ViewController */,
			);
			path = GetRandomDog;
			sourceTree = "<group>";
		};
		8662BC01268C28CE001CC586 /* RecentlyGeneratedDog */ = {
			isa = PBXGroup;
			children = (
				86936D15268DDC770042AFE4 /* Views */,
				86936D14268DDC6F0042AFE4 /* StoryBoard */,
				86936D13268DDC590042AFE4 /* ViewController */,
			);
			path = RecentlyGeneratedDog;
			sourceTree = "<group>";
		};
		8662BC02268C291B001CC586 /* ViewController */ = {
			isa = PBXGroup;
			children = (
				8662BC08268C2980001CC586 /* GetRandomDogsVC.swift */,
			);
			path = ViewController;
			sourceTree = "<group>";
		};
		8662BC03268C2926001CC586 /* ViewModel */ = {
			isa = PBXGroup;
			children = (
				8662BC0C268C2FC4001CC586 /* GetRandomDogsViewModel.swift */,
			);
			path = ViewModel;
			sourceTree = "<group>";
		};
		8662BC04268C292D001CC586 /* DataModel */ = {
			isa = PBXGroup;
			children = (
				8662BC0A268C2B51001CC586 /* GetRandomDogsModel.swift */,
			);
			path = DataModel;
			sourceTree = "<group>";
		};
		8662BC05268C294C001CC586 /* StoryBoard */ = {
			isa = PBXGroup;
			children = (
				8662BC06268C2961001CC586 /* GetRandomDog.storyboard */,
			);
			path = StoryBoard;
			sourceTree = "<group>";
		};
		8662BC0E268C32BB001CC586 /* LazyImageView */ = {
			isa = PBXGroup;
			children = (
				8662BC0F268C32CF001CC586 /* LazyImageView.swift */,
			);
			path = LazyImageView;
			sourceTree = "<group>";
		};
		8662BC15268C342C001CC586 /* StoryBoard */ = {
			isa = PBXGroup;
			children = (
				8662BC13268C3425001CC586 /* StoryboardHelper.swift */,
			);
			path = StoryBoard;
			sourceTree = "<group>";
		};
		867A6DF7268EEC2A004C48CD /* ViewController */ = {
			isa = PBXGroup;
			children = (
				869AB880268B701800874756 /* ViewController.swift */,
			);
			path = ViewController;
			sourceTree = "<group>";
		};
		867A6DFA268EEF04004C48CD /* Extension */ = {
			isa = PBXGroup;
			children = (
				867A6DF8268EEEFE004C48CD /* UIView.swift */,
			);
			path = Extension;
			sourceTree = "<group>";
		};
		86936D13268DDC590042AFE4 /* ViewController */ = {
			isa = PBXGroup;
			children = (
				86936D18268DE0C70042AFE4 /* RecentlyGeneratedDogVC.swift */,
			);
			path = ViewController;
			sourceTree = "<group>";
		};
		86936D14268DDC6F0042AFE4 /* StoryBoard */ = {
			isa = PBXGroup;
			children = (
				86936D16268DE07E0042AFE4 /* RecentlyGeneratedDog.storyboard */,
			);
			path = StoryBoard;
			sourceTree = "<group>";
		};
		86936D15268DDC770042AFE4 /* Views */ = {
			isa = PBXGroup;
			children = (
				86936D1A268DE0F10042AFE4 /* RecentlyGeneratedDogsCollectionViewCell.swift */,
				86936D1B268DE0F10042AFE4 /* RecentlyGeneratedDogsCollectionViewCell.xib */,
			);
			path = Views;
			sourceTree = "<group>";
		};
		86936D1E268DE1DB0042AFE4 /* Constant */ = {
			isa = PBXGroup;
			children = (
				86936D1F268DE1EB0042AFE4 /* StringConstant.swift */,
			);
			path = Constant;
			sourceTree = "<group>";
		};
		869AB870268B701800874756 = {
			isa = PBXGroup;
			children = (
				869AB87B268B701800874756 /* RandomDogs */,
				869AB892268B701900874756 /* RandomDogsTests */,
				869AB89D268B701A00874756 /* RandomDogsUITests */,
				869AB87A268B701800874756 /* Products */,
			);
			sourceTree = "<group>";
		};
		869AB87A268B701800874756 /* Products */ = {
			isa = PBXGroup;
			children = (
				869AB879268B701800874756 /* RandomDogs.app */,
				869AB88F268B701900874756 /* RandomDogsTests.xctest */,
				869AB89A268B701900874756 /* RandomDogsUITests.xctest */,
			);
			name = Products;
			sourceTree = "<group>";
		};
		869AB87B268B701800874756 /* RandomDogs */ = {
			isa = PBXGroup;
			children = (
				867A6DFA268EEF04004C48CD /* Extension */,
				8662BBFD268C27D4001CC586 /* Appdelegate */,
				86936D1E268DE1DB0042AFE4 /* Constant */,
				8662BC15268C342C001CC586 /* StoryBoard */,
				8662BC0E268C32BB001CC586 /* LazyImageView */,
				8662BBFA268C2793001CC586 /* LRUCache */,
				8662BBF9268C25D5001CC586 /* APIManager */,
				8662BC01268C28CE001CC586 /* RecentlyGeneratedDog */,
				8662BC00268C28B1001CC586 /* GetRandomDog */,
				8662BBFF268C28A6001CC586 /* Home */,
				869AB885268B701900874756 /* Assets.xcassets */,
				869AB887268B701900874756 /* LaunchScreen.storyboard */,
				869AB88A268B701900874756 /* Info.plist */,
			);
			path = RandomDogs;
			sourceTree = "<group>";
		};
		869AB892268B701900874756 /* RandomDogsTests */ = {
			isa = PBXGroup;
			children = (
				869AB893268B701900874756 /* RandomDogsTests.swift */,
				869AB895268B701900874756 /* Info.plist */,
			);
			path = RandomDogsTests;
			sourceTree = "<group>";
		};
		869AB89D268B701A00874756 /* RandomDogsUITests */ = {
			isa = PBXGroup;
			children = (
				869AB89E268B701A00874756 /* RandomDogsUITests.swift */,
				869AB8A0268B701A00874756 /* Info.plist */,
			);
			path = RandomDogsUITests;
			sourceTree = "<group>";
		};
/* End PBXGroup section */

/* Begin PBXNativeTarget section */
		869AB878268B701800874756 /* RandomDogs */ = {
			isa = PBXNativeTarget;
			buildConfigurationList = 869AB8A3268B701A00874756 /* Build configuration list for PBXNativeTarget "RandomDogs" */;
			buildPhases = (
				869AB875268B701800874756 /* Sources */,
				869AB876268B701800874756 /* Frameworks */,
				869AB877268B701800874756 /* Resources */,
			);
			buildRules = (
			);
			dependencies = (
			);
			name = RandomDogs;
			productName = RandomDogs;
			productReference = 869AB879268B701800874756 /* RandomDogs.app */;
			productType = "com.apple.product-type.application";
		};
		869AB88E268B701900874756 /* RandomDogsTests */ = {
			isa = PBXNativeTarget;
			buildConfigurationList = 869AB8A6268B701A00874756 /* Build configuration list for PBXNativeTarget "RandomDogsTests" */;
			buildPhases = (
				869AB88B268B701900874756 /* Sources */,
				869AB88C268B701900874756 /* Frameworks */,
				869AB88D268B701900874756 /* Resources */,
			);
			buildRules = (
			);
			dependencies = (
				869AB891268B701900874756 /* PBXTargetDependency */,
			);
			name = RandomDogsTests;
			productName = RandomDogsTests;
			productReference = 869AB88F268B701900874756 /* RandomDogsTests.xctest */;
			productType = "com.apple.product-type.bundle.unit-test";
		};
		869AB899268B701900874756 /* RandomDogsUITests */ = {
			isa = PBXNativeTarget;
			buildConfigurationList = 869AB8A9268B701A00874756 /* Build configuration list for PBXNativeTarget "RandomDogsUITests" */;
			buildPhases = (
				869AB896268B701900874756 /* Sources */,
				869AB897268B701900874756 /* Frameworks */,
				869AB898268B701900874756 /* Resources */,
			);
			buildRules = (
			);
			dependencies = (
				869AB89C268B701900874756 /* PBXTargetDependency */,
			);
			name = RandomDogsUITests;
			productName = RandomDogsUITests;
			productReference = 869AB89A268B701900874756 /* RandomDogsUITests.xctest */;
			productType = "com.apple.product-type.bundle.ui-testing";
		};
/* End PBXNativeTarget section */

/* Begin PBXProject section */
		869AB871268B701800874756 /* Project object */ = {
			isa = PBXProject;
			attributes = {
				LastSwiftUpdateCheck = 1250;
				LastUpgradeCheck = 1250;
				TargetAttributes = {
					869AB878268B701800874756 = {
						CreatedOnToolsVersion = 12.5.1;
					};
					869AB88E268B701900874756 = {
						CreatedOnToolsVersion = 12.5.1;
						TestTargetID = 869AB878268B701800874756;
					};
					869AB899268B701900874756 = {
						CreatedOnToolsVersion = 12.5.1;
						TestTargetID = 869AB878268B701800874756;
					};
				};
			};
			buildConfigurationList = 869AB874268B701800874756 /* Build configuration list for PBXProject "RandomDogs" */;
			compatibilityVersion = "Xcode 9.3";
			developmentRegion = en;
			hasScannedForEncodings = 0;
			knownRegions = (
				en,
				Base,
			);
			mainGroup = 869AB870268B701800874756;
			productRefGroup = 869AB87A268B701800874756 /* Products */;
			projectDirPath = "";
			projectRoot = "";
			targets = (
				869AB878268B701800874756 /* RandomDogs */,
				869AB88E268B701900874756 /* RandomDogsTests */,
				869AB899268B701900874756 /* RandomDogsUITests */,
			);
		};
/* End PBXProject section */

/* Begin PBXResourcesBuildPhase section */
		869AB877268B701800874756 /* Resources */ = {
			isa = PBXResourcesBuildPhase;
			buildActionMask = 2147483647;
			files = (
				869AB889268B701900874756 /* LaunchScreen.storyboard in Resources */,
				8662BC07268C2961001CC586 /* GetRandomDog.storyboard in Resources */,
				869AB886268B701900874756 /* Assets.xcassets in Resources */,
				869AB884268B701800874756 /* Main.storyboard in Resources */,
				86936D17268DE07E0042AFE4 /* RecentlyGeneratedDog.storyboard in Resources */,
				86936D1D268DE0F10042AFE4 /* RecentlyGeneratedDogsCollectionViewCell.xib in Resources */,
			);
			runOnlyForDeploymentPostprocessing = 0;
		};
		869AB88D268B701900874756 /* Resources */ = {
			isa = PBXResourcesBuildPhase;
			buildActionMask = 2147483647;
			files = (
			);
			runOnlyForDeploymentPostprocessing = 0;
		};
		869AB898268B701900874756 /* Resources */ = {
			isa = PBXResourcesBuildPhase;
			buildActionMask = 2147483647;
			files = (
			);
			runOnlyForDeploymentPostprocessing = 0;
		};
/* End PBXResourcesBuildPhase section */

/* Begin PBXSourcesBuildPhase section */
		869AB875268B701800874756 /* Sources */ = {
			isa = PBXSourcesBuildPhase;
			buildActionMask = 2147483647;
			files = (
				8662BC14268C3425001CC586 /* StoryboardHelper.swift in Sources */,
				86936D20268DE1EB0042AFE4 /* StringConstant.swift in Sources */,
				8662BBFC268C27AA001CC586 /* APIManager.swift in Sources */,
				869AB881268B701800874756 /* ViewController.swift in Sources */,
				86F63492268D7481009AE066 /* LRU.swift in Sources */,
				8662BC0B268C2B51001CC586 /* GetRandomDogsModel.swift in Sources */,
				86936D1C268DE0F10042AFE4 /* RecentlyGeneratedDogsCollectionViewCell.swift in Sources */,
				86936D19268DE0C70042AFE4 /* RecentlyGeneratedDogVC.swift in Sources */,
				869AB87D268B701800874756 /* AppDelegate.swift in Sources */,
				8662BC10268C32CF001CC586 /* LazyImageView.swift in Sources */,
				867A6DF9268EEEFE004C48CD /* UIView.swift in Sources */,
				8662BC09268C2980001CC586 /* GetRandomDogsVC.swift in Sources */,
				869AB87F268B701800874756 /* SceneDelegate.swift in Sources */,
				8662BC0D268C2FC4001CC586 /* GetRandomDogsViewModel.swift in Sources */,
			);
			runOnlyForDeploymentPostprocessing = 0;
		};
		869AB88B268B701900874756 /* Sources */ = {
			isa = PBXSourcesBuildPhase;
			buildActionMask = 2147483647;
			files = (
				869AB894268B701900874756 /* RandomDogsTests.swift in Sources */,
			);
			runOnlyForDeploymentPostprocessing = 0;
		};
		869AB896268B701900874756 /* Sources */ = {
			isa = PBXSourcesBuildPhase;
			buildActionMask = 2147483647;
			files = (
				869AB89F268B701A00874756 /* RandomDogsUITests.swift in Sources */,
			);
			runOnlyForDeploymentPostprocessing = 0;
		};
/* End PBXSourcesBuildPhase section */

/* Begin PBXTargetDependency section */
		869AB891268B701900874756 /* PBXTargetDependency */ = {
			isa = PBXTargetDependency;
			target = 869AB878268B701800874756 /* RandomDogs */;
			targetProxy = 869AB890268B701900874756 /* PBXContainerItemProxy */;
		};
		869AB89C268B701900874756 /* PBXTargetDependency */ = {
			isa = PBXTargetDependency;
			target = 869AB878268B701800874756 /* RandomDogs */;
			targetProxy = 869AB89B268B701900874756 /* PBXContainerItemProxy */;
		};
/* End PBXTargetDependency section */

/* Begin PBXVariantGroup section */
		869AB882268B701800874756 /* Main.storyboard */ = {
			isa = PBXVariantGroup;
			children = (
				869AB883268B701800874756 /* Base */,
			);
			name = Main.storyboard;
			sourceTree = "<group>";
		};
		869AB887268B701900874756 /* LaunchScreen.storyboard */ = {
			isa = PBXVariantGroup;
			children = (
				869AB888268B701900874756 /* Base */,
			);
			name = LaunchScreen.storyboard;
			sourceTree = "<group>";
		};
/* End PBXVariantGroup section */

/* Begin XCBuildConfiguration section */
		869AB8A1268B701A00874756 /* Debug */ = {
			isa = XCBuildConfiguration;
			buildSettings = {
				ALWAYS_SEARCH_USER_PATHS = NO;
				CLANG_ANALYZER_NONNULL = YES;
				CLANG_ANALYZER_NUMBER_OBJECT_CONVERSION = YES_AGGRESSIVE;
				CLANG_CXX_LANGUAGE_STANDARD = "gnu++14";
				CLANG_CXX_LIBRARY = "libc++";
				CLANG_ENABLE_MODULES = YES;
				CLANG_ENABLE_OBJC_ARC = YES;
				CLANG_ENABLE_OBJC_WEAK = YES;
				CLANG_WARN_BLOCK_CAPTURE_AUTORELEASING = YES;
				CLANG_WARN_BOOL_CONVERSION = YES;
				CLANG_WARN_COMMA = YES;
				CLANG_WARN_CONSTANT_CONVERSION = YES;
				CLANG_WARN_DEPRECATED_OBJC_IMPLEMENTATIONS = YES;
				CLANG_WARN_DIRECT_OBJC_ISA_USAGE = YES_ERROR;
				CLANG_WARN_DOCUMENTATION_COMMENTS = YES;
				CLANG_WARN_EMPTY_BODY = YES;
				CLANG_WARN_ENUM_CONVERSION = YES;
				CLANG_WARN_INFINITE_RECURSION = YES;
				CLANG_WARN_INT_CONVERSION = YES;
				CLANG_WARN_NON_LITERAL_NULL_CONVERSION = YES;
				CLANG_WARN_OBJC_IMPLICIT_RETAIN_SELF = YES;
				CLANG_WARN_OBJC_LITERAL_CONVERSION = YES;
				CLANG_WARN_OBJC_ROOT_CLASS = YES_ERROR;
				CLANG_WARN_QUOTED_INCLUDE_IN_FRAMEWORK_HEADER = YES;
				CLANG_WARN_RANGE_LOOP_ANALYSIS = YES;
				CLANG_WARN_STRICT_PROTOTYPES = YES;
				CLANG_WARN_SUSPICIOUS_MOVE = YES;
				CLANG_WARN_UNGUARDED_AVAILABILITY = YES_AGGRESSIVE;
				CLANG_WARN_UNREACHABLE_CODE = YES;
				CLANG_WARN__DUPLICATE_METHOD_MATCH = YES;
				COPY_PHASE_STRIP = NO;
				DEBUG_INFORMATION_FORMAT = dwarf;
				ENABLE_STRICT_OBJC_MSGSEND = YES;
				ENABLE_TESTABILITY = YES;
				GCC_C_LANGUAGE_STANDARD = gnu11;
				GCC_DYNAMIC_NO_PIC = NO;
				GCC_NO_COMMON_BLOCKS = YES;
				GCC_OPTIMIZATION_LEVEL = 0;
				GCC_PREPROCESSOR_DEFINITIONS = (
					"DEBUG=1",
					"$(inherited)",
				);
				GCC_WARN_64_TO_32_BIT_CONVERSION = YES;
				GCC_WARN_ABOUT_RETURN_TYPE = YES_ERROR;
				GCC_WARN_UNDECLARED_SELECTOR = YES;
				GCC_WARN_UNINITIALIZED_AUTOS = YES_AGGRESSIVE;
				GCC_WARN_UNUSED_FUNCTION = YES;
				GCC_WARN_UNUSED_VARIABLE = YES;
				IPHONEOS_DEPLOYMENT_TARGET = 14.5;
				MTL_ENABLE_DEBUG_INFO = INCLUDE_SOURCE;
				MTL_FAST_MATH = YES;
				ONLY_ACTIVE_ARCH = YES;
				SDKROOT = iphoneos;
				SWIFT_ACTIVE_COMPILATION_CONDITIONS = DEBUG;
				SWIFT_OPTIMIZATION_LEVEL = "-Onone";
			};
			name = Debug;
		};
		869AB8A2268B701A00874756 /* Release */ = {
			isa = XCBuildConfiguration;
			buildSettings = {
				ALWAYS_SEARCH_USER_PATHS = NO;
				CLANG_ANALYZER_NONNULL = YES;
				CLANG_ANALYZER_NUMBER_OBJECT_CONVERSION = YES_AGGRESSIVE;
				CLANG_CXX_LANGUAGE_STANDARD = "gnu++14";
				CLANG_CXX_LIBRARY = "libc++";
				CLANG_ENABLE_MODULES = YES;
				CLANG_ENABLE_OBJC_ARC = YES;
				CLANG_ENABLE_OBJC_WEAK = YES;
				CLANG_WARN_BLOCK_CAPTURE_AUTORELEASING = YES;
				CLANG_WARN_BOOL_CONVERSION = YES;
				CLANG_WARN_COMMA = YES;
				CLANG_WARN_CONSTANT_CONVERSION = YES;
				CLANG_WARN_DEPRECATED_OBJC_IMPLEMENTATIONS = YES;
				CLANG_WARN_DIRECT_OBJC_ISA_USAGE = YES_ERROR;
				CLANG_WARN_DOCUMENTATION_COMMENTS = YES;
				CLANG_WARN_EMPTY_BODY = YES;
				CLANG_WARN_ENUM_CONVERSION = YES;
				CLANG_WARN_INFINITE_RECURSION = YES;
				CLANG_WARN_INT_CONVERSION = YES;
				CLANG_WARN_NON_LITERAL_NULL_CONVERSION = YES;
				CLANG_WARN_OBJC_IMPLICIT_RETAIN_SELF = YES;
				CLANG_WARN_OBJC_LITERAL_CONVERSION = YES;
				CLANG_WARN_OBJC_ROOT_CLASS = YES_ERROR;
				CLANG_WARN_QUOTED_INCLUDE_IN_FRAMEWORK_HEADER = YES;
				CLANG_WARN_RANGE_LOOP_ANALYSIS = YES;
				CLANG_WARN_STRICT_PROTOTYPES = YES;
				CLANG_WARN_SUSPICIOUS_MOVE = YES;
				CLANG_WARN_UNGUARDED_AVAILABILITY = YES_AGGRESSIVE;
				CLANG_WARN_UNREACHABLE_CODE = YES;
				CLANG_WARN__DUPLICATE_METHOD_MATCH = YES;
				COPY_PHASE_STRIP = NO;
				DEBUG_INFORMATION_FORMAT = "dwarf-with-dsym";
				ENABLE_NS_ASSERTIONS = NO;
				ENABLE_STRICT_OBJC_MSGSEND = YES;
				GCC_C_LANGUAGE_STANDARD = gnu11;
				GCC_NO_COMMON_BLOCKS = YES;
				GCC_WARN_64_TO_32_BIT_CONVERSION = YES;
				GCC_WARN_ABOUT_RETURN_TYPE = YES_ERROR;
				GCC_WARN_UNDECLARED_SELECTOR = YES;
				GCC_WARN_UNINITIALIZED_AUTOS = YES_AGGRESSIVE;
				GCC_WARN_UNUSED_FUNCTION = YES;
				GCC_WARN_UNUSED_VARIABLE = YES;
				IPHONEOS_DEPLOYMENT_TARGET = 14.5;
				MTL_ENABLE_DEBUG_INFO = NO;
				MTL_FAST_MATH = YES;
				SDKROOT = iphoneos;
				SWIFT_COMPILATION_MODE = wholemodule;
				SWIFT_OPTIMIZATION_LEVEL = "-O";
				VALIDATE_PRODUCT = YES;
			};
			name = Release;
		};
		869AB8A4268B701A00874756 /* Debug */ = {
			isa = XCBuildConfiguration;
			buildSettings = {
				ASSETCATALOG_COMPILER_APPICON_NAME = AppIcon;
				ASSETCATALOG_COMPILER_GLOBAL_ACCENT_COLOR_NAME = AccentColor;
				CODE_SIGN_STYLE = Automatic;
				INFOPLIST_FILE = RandomDogs/Info.plist;
				LD_RUNPATH_SEARCH_PATHS = (
					"$(inherited)",
					"@executable_path/Frameworks",
				);
				PRODUCT_BUNDLE_IDENTIFIER = com.farooque.RandomDogs;
				PRODUCT_NAME = "$(TARGET_NAME)";
				SWIFT_VERSION = 5.0;
				TARGETED_DEVICE_FAMILY = "1,2";
			};
			name = Debug;
		};
		869AB8A5268B701A00874756 /* Release */ = {
			isa = XCBuildConfiguration;
			buildSettings = {
				ASSETCATALOG_COMPILER_APPICON_NAME = AppIcon;
				ASSETCATALOG_COMPILER_GLOBAL_ACCENT_COLOR_NAME = AccentColor;
				CODE_SIGN_STYLE = Automatic;
				INFOPLIST_FILE = RandomDogs/Info.plist;
				LD_RUNPATH_SEARCH_PATHS = (
					"$(inherited)",
					"@executable_path/Frameworks",
				);
				PRODUCT_BUNDLE_IDENTIFIER = com.farooque.RandomDogs;
				PRODUCT_NAME = "$(TARGET_NAME)";
				SWIFT_VERSION = 5.0;
				TARGETED_DEVICE_FAMILY = "1,2";
			};
			name = Release;
		};
		869AB8A7268B701A00874756 /* Debug */ = {
			isa = XCBuildConfiguration;
			buildSettings = {
				ALWAYS_EMBED_SWIFT_STANDARD_LIBRARIES = YES;
				BUNDLE_LOADER = "$(TEST_HOST)";
				CODE_SIGN_STYLE = Automatic;
				INFOPLIST_FILE = RandomDogsTests/Info.plist;
				IPHONEOS_DEPLOYMENT_TARGET = 14.5;
				LD_RUNPATH_SEARCH_PATHS = (
					"$(inherited)",
					"@executable_path/Frameworks",
					"@loader_path/Frameworks",
				);
				PRODUCT_BUNDLE_IDENTIFIER = com.farooque.RandomDogsTests;
				PRODUCT_NAME = "$(TARGET_NAME)";
				SWIFT_VERSION = 5.0;
				TARGETED_DEVICE_FAMILY = "1,2";
				TEST_HOST = "$(BUILT_PRODUCTS_DIR)/RandomDogs.app/RandomDogs";
			};
			name = Debug;
		};
		869AB8A8268B701A00874756 /* Release */ = {
			isa = XCBuildConfiguration;
			buildSettings = {
				ALWAYS_EMBED_SWIFT_STANDARD_LIBRARIES = YES;
				BUNDLE_LOADER = "$(TEST_HOST)";
				CODE_SIGN_STYLE = Automatic;
				INFOPLIST_FILE = RandomDogsTests/Info.plist;
				IPHONEOS_DEPLOYMENT_TARGET = 14.5;
				LD_RUNPATH_SEARCH_PATHS = (
					"$(inherited)",
					"@executable_path/Frameworks",
					"@loader_path/Frameworks",
				);
				PRODUCT_BUNDLE_IDENTIFIER = com.farooque.RandomDogsTests;
				PRODUCT_NAME = "$(TARGET_NAME)";
				SWIFT_VERSION = 5.0;
				TARGETED_DEVICE_FAMILY = "1,2";
				TEST_HOST = "$(BUILT_PRODUCTS_DIR)/RandomDogs.app/RandomDogs";
			};
			name = Release;
		};
		869AB8AA268B701A00874756 /* Debug */ = {
			isa = XCBuildConfiguration;
			buildSettings = {
				ALWAYS_EMBED_SWIFT_STANDARD_LIBRARIES = YES;
				CODE_SIGN_STYLE = Automatic;
				INFOPLIST_FILE = RandomDogsUITests/Info.plist;
				LD_RUNPATH_SEARCH_PATHS = (
					"$(inherited)",
					"@executable_path/Frameworks",
					"@loader_path/Frameworks",
				);
				PRODUCT_BUNDLE_IDENTIFIER = com.farooque.RandomDogsUITests;
				PRODUCT_NAME = "$(TARGET_NAME)";
				SWIFT_VERSION = 5.0;
				TARGETED_DEVICE_FAMILY = "1,2";
				TEST_TARGET_NAME = RandomDogs;
			};
			name = Debug;
		};
		869AB8AB268B701A00874756 /* Release */ = {
			isa = XCBuildConfiguration;
			buildSettings = {
				ALWAYS_EMBED_SWIFT_STANDARD_LIBRARIES = YES;
				CODE_SIGN_STYLE = Automatic;
				INFOPLIST_FILE = RandomDogsUITests/Info.plist;
				LD_RUNPATH_SEARCH_PATHS = (
					"$(inherited)",
					"@executable_path/Frameworks",
					"@loader_path/Frameworks",
				);
				PRODUCT_BUNDLE_IDENTIFIER = com.farooque.RandomDogsUITests;
				PRODUCT_NAME = "$(TARGET_NAME)";
				SWIFT_VERSION = 5.0;
				TARGETED_DEVICE_FAMILY = "1,2";
				TEST_TARGET_NAME = RandomDogs;
			};
			name = Release;
		};
/* End XCBuildConfiguration section */

/* Begin XCConfigurationList section */
		869AB874268B701800874756 /* Build configuration list for PBXProject "RandomDogs" */ = {
			isa = XCConfigurationList;
			buildConfigurations = (
				869AB8A1268B701A00874756 /* Debug */,
				869AB8A2268B701A00874756 /* Release */,
			);
			defaultConfigurationIsVisible = 0;
			defaultConfigurationName = Release;
		};
		869AB8A3268B701A00874756 /* Build configuration list for PBXNativeTarget "RandomDogs" */ = {
			isa = XCConfigurationList;
			buildConfigurations = (
				869AB8A4268B701A00874756 /* Debug */,
				869AB8A5268B701A00874756 /* Release */,
			);
			defaultConfigurationIsVisible = 0;
			defaultConfigurationName = Release;
		};
		869AB8A6268B701A00874756 /* Build configuration list for PBXNativeTarget "RandomDogsTests" */ = {
			isa = XCConfigurationList;
			buildConfigurations = (
				869AB8A7268B701A00874756 /* Debug */,
				869AB8A8268B701A00874756 /* Release */,
			);
			defaultConfigurationIsVisible = 0;
			defaultConfigurationName = Release;
		};
		869AB8A9268B701A00874756 /* Build configuration list for PBXNativeTarget "RandomDogsUITests" */ = {
			isa = XCConfigurationList;
			buildConfigurations = (
				869AB8AA268B701A00874756 /* Debug */,
				869AB8AB268B701A00874756 /* Release */,
			);
			defaultConfigurationIsVisible = 0;
			defaultConfigurationName = Release;
		};
/* End XCConfigurationList section */
	};
	rootObject = 869AB871268B701800874756 /* Project object */;
}
